// !$*UTF8*$!
{
	archiveVersion = 1;
	classes = {
	};
	objectVersion = 46;
	objects = {

/* Begin PBXBuildFile section */
		9570058819E3920C0094319A /* AppDelegate.swift in Sources */ = {isa = PBXBuildFile; fileRef = 9570058719E3920C0094319A /* AppDelegate.swift */; };
		9570058A19E3920C0094319A /* ViewController.swift in Sources */ = {isa = PBXBuildFile; fileRef = 9570058919E3920C0094319A /* ViewController.swift */; };
		9570058D19E3920C0094319A /* Main.storyboard in Resources */ = {isa = PBXBuildFile; fileRef = 9570058B19E3920C0094319A /* Main.storyboard */; };
		9570058F19E3920C0094319A /* Images.xcassets in Resources */ = {isa = PBXBuildFile; fileRef = 9570058E19E3920C0094319A /* Images.xcassets */; };
		9570059219E3920C0094319A /* LaunchScreen.xib in Resources */ = {isa = PBXBuildFile; fileRef = 9570059019E3920C0094319A /* LaunchScreen.xib */; };
		9570059E19E3920C0094319A /* RedBalloonsTests.swift in Sources */ = {isa = PBXBuildFile; fileRef = 9570059D19E3920C0094319A /* RedBalloonsTests.swift */; };
/* End PBXBuildFile section */

/* Begin PBXContainerItemProxy section */
		9570059819E3920C0094319A /* PBXContainerItemProxy */ = {
			isa = PBXContainerItemProxy;
			containerPortal = 9570057A19E3920C0094319A /* Project object */;
			proxyType = 1;
			remoteGlobalIDString = 9570058119E3920C0094319A;
			remoteInfo = RedBalloons;
		};
/* End PBXContainerItemProxy section */

/* Begin PBXFileReference section */
		9570058219E3920C0094319A /* RedBalloons.app */ = {isa = PBXFileReference; explicitFileType = wrapper.application; includeInIndex = 0; path = RedBalloons.app; sourceTree = BUILT_PRODUCTS_DIR; };
		9570058619E3920C0094319A /* Info.plist */ = {isa = PBXFileReference; lastKnownFileType = text.plist.xml; path = Info.plist; sourceTree = "<group>"; };
		9570058719E3920C0094319A /* AppDelegate.swift */ = {isa = PBXFileReference; lastKnownFileType = sourcecode.swift; path = AppDelegate.swift; sourceTree = "<group>"; };
		9570058919E3920C0094319A /* ViewController.swift */ = {isa = PBXFileReference; lastKnownFileType = sourcecode.swift; path = ViewController.swift; sourceTree = "<group>"; };
		9570058C19E3920C0094319A /* Base */ = {isa = PBXFileReference; lastKnownFileType = file.storyboard; name = Base; path = Base.lproj/Main.storyboard; sourceTree = "<group>"; };
		9570058E19E3920C0094319A /* Images.xcassets */ = {isa = PBXFileReference; lastKnownFileType = folder.assetcatalog; path = Images.xcassets; sourceTree = "<group>"; };
		9570059119E3920C0094319A /* Base */ = {isa = PBXFileReference; lastKnownFileType = file.xib; name = Base; path = Base.lproj/LaunchScreen.xib; sourceTree = "<group>"; };
		9570059719E3920C0094319A /* RedBalloonsTests.xctest */ = {isa = PBXFileReference; explicitFileType = wrapper.cfbundle; includeInIndex = 0; path = RedBalloonsTests.xctest; sourceTree = BUILT_PRODUCTS_DIR; };
		9570059C19E3920C0094319A /* Info.plist */ = {isa = PBXFileReference; lastKnownFileType = text.plist.xml; path = Info.plist; sourceTree = "<group>"; };
		9570059D19E3920C0094319A /* RedBalloonsTests.swift */ = {isa = PBXFileReference; lastKnownFileType = sourcecode.swift; path = RedBalloonsTests.swift; sourceTree = "<group>"; };
/* End PBXFileReference section */

/* Begin PBXFrameworksBuildPhase section */
		9570057F19E3920C0094319A /* Frameworks */ = {
			isa = PBXFrameworksBuildPhase;
			buildActionMask = 2147483647;
			files = (
			);
			runOnlyForDeploymentPostprocessing = 0;
		};
		9570059419E3920C0094319A /* Frameworks */ = {
			isa = PBXFrameworksBuildPhase;
			buildActionMask = 2147483647;
			files = (
			);
			runOnlyForDeploymentPostprocessing = 0;
		};
/* End PBXFrameworksBuildPhase section */

/* Begin PBXGroup section */
		9570057919E3920C0094319A = {
			isa = PBXGroup;
			children = (
				9570058419E3920C0094319A /* RedBalloons */,
				9570059A19E3920C0094319A /* RedBalloonsTests */,
				9570058319E3920C0094319A /* Products */,
			);
			sourceTree = "<group>";
		};
		9570058319E3920C0094319A /* Products */ = {
			isa = PBXGroup;
			children = (
				9570058219E3920C0094319A /* RedBalloons.app */,
				9570059719E3920C0094319A /* RedBalloonsTests.xctest */,
			);
			name = Products;
			sourceTree = "<group>";
		};
		9570058419E3920C0094319A /* RedBalloons */ = {
			isa = PBXGroup;
			children = (
				9570058719E3920C0094319A /* AppDelegate.swift */,
				9570058919E3920C0094319A /* ViewController.swift */,
				9570058B19E3920C0094319A /* Main.storyboard */,
				9570058E19E3920C0094319A /* Images.xcassets */,
				9570059019E3920C0094319A /* LaunchScreen.xib */,
				9570058519E3920C0094319A /* Supporting Files */,
			);
			path = RedBalloons;
			sourceTree = "<group>";
		};
		9570058519E3920C0094319A /* Supporting Files */ = {
			isa = PBXGroup;
			children = (
				9570058619E3920C0094319A /* Info.plist */,
			);
			name = "Supporting Files";
			sourceTree = "<group>";
		};
		9570059A19E3920C0094319A /* RedBalloonsTests */ = {
			isa = PBXGroup;
			children = (
				9570059D19E3920C0094319A /* RedBalloonsTests.swift */,
				9570059B19E3920C0094319A /* Supporting Files */,
			);
			path = RedBalloonsTests;
			sourceTree = "<group>";
		};
		9570059B19E3920C0094319A /* Supporting Files */ = {
			isa = PBXGroup;
			children = (
				9570059C19E3920C0094319A /* Info.plist */,
			);
			name = "Supporting Files";
			sourceTree = "<group>";
		};
/* End PBXGroup section */

/* Begin PBXNativeTarget section */
		9570058119E3920C0094319A /* RedBalloons */ = {
			isa = PBXNativeTarget;
			buildConfigurationList = 957005A119E3920C0094319A /* Build configuration list for PBXNativeTarget "RedBalloons" */;
			buildPhases = (
				9570057E19E3920C0094319A /* Sources */,
				9570057F19E3920C0094319A /* Frameworks */,
				9570058019E3920C0094319A /* Resources */,
			);
			buildRules = (
			);
			dependencies = (
			);
			name = RedBalloons;
			productName = RedBalloons;
			productReference = 9570058219E3920C0094319A /* RedBalloons.app */;
			productType = "com.apple.product-type.application";
		};
		9570059619E3920C0094319A /* RedBalloonsTests */ = {
			isa = PBXNativeTarget;
			buildConfigurationList = 957005A419E3920C0094319A /* Build configuration list for PBXNativeTarget "RedBalloonsTests" */;
			buildPhases = (
				9570059319E3920C0094319A /* Sources */,
				9570059419E3920C0094319A /* Frameworks */,
				9570059519E3920C0094319A /* Resources */,
			);
			buildRules = (
			);
			dependencies = (
				9570059919E3920C0094319A /* PBXTargetDependency */,
			);
			name = RedBalloonsTests;
			productName = RedBalloonsTests;
			productReference = 9570059719E3920C0094319A /* RedBalloonsTests.xctest */;
			productType = "com.apple.product-type.bundle.unit-test";
		};
/* End PBXNativeTarget section */

/* Begin PBXProject section */
		9570057A19E3920C0094319A /* Project object */ = {
			isa = PBXProject;
			attributes = {
				LastUpgradeCheck = 0600;
				ORGANIZATIONNAME = "Dennis Ginley";
				TargetAttributes = {
					9570058119E3920C0094319A = {
						CreatedOnToolsVersion = 6.0.1;
					};
					9570059619E3920C0094319A = {
						CreatedOnToolsVersion = 6.0.1;
						TestTargetID = 9570058119E3920C0094319A;
					};
				};
			};
			buildConfigurationList = 9570057D19E3920C0094319A /* Build configuration list for PBXProject "RedBalloons" */;
			compatibilityVersion = "Xcode 3.2";
			developmentRegion = English;
			hasScannedForEncodings = 0;
			knownRegions = (
				en,
				Base,
			);
			mainGroup = 9570057919E3920C0094319A;
			productRefGroup = 9570058319E3920C0094319A /* Products */;
			projectDirPath = "";
			projectRoot = "";
			targets = (
				9570058119E3920C0094319A /* RedBalloons */,
				9570059619E3920C0094319A /* RedBalloonsTests */,
			);
		};
/* End PBXProject section */

/* Begin PBXResourcesBuildPhase section */
		9570058019E3920C0094319A /* Resources */ = {
			isa = PBXResourcesBuildPhase;
			buildActionMask = 2147483647;
			files = (
				9570058D19E3920C0094319A /* Main.storyboard in Resources */,
				9570059219E3920C0094319A /* LaunchScreen.xib in Resources */,
				9570058F19E3920C0094319A /* Images.xcassets in Resources */,
			);
			runOnlyForDeploymentPostprocessing = 0;
		};
		9570059519E3920C0094319A /* Resources */ = {
			isa = PBXResourcesBuildPhase;
			buildActionMask = 2147483647;
			files = (
			);
			runOnlyForDeploymentPostprocessing = 0;
		};
/* End PBXResourcesBuildPhase section */

/* Begin PBXSourcesBuildPhase section */
		9570057E19E3920C0094319A /* Sources */ = {
			isa = PBXSourcesBuildPhase;
			buildActionMask = 2147483647;
			files = (
				9570058A19E3920C0094319A /* ViewController.swift in Sources */,
				9570058819E3920C0094319A /* AppDelegate.swift in Sources */,
			);
			runOnlyForDeploymentPostprocessing = 0;
		};
		9570059319E3920C0094319A /* Sources */ = {
			isa = PBXSourcesBuildPhase;
			buildActionMask = 2147483647;
			files = (
				9570059E19E3920C0094319A /* RedBalloonsTests.swift in Sources */,
			);
			runOnlyForDeploymentPostprocessing = 0;
		};
/* End PBXSourcesBuildPhase section */

/* Begin PBXTargetDependency section */
		9570059919E3920C0094319A /* PBXTargetDependency */ = {
			isa = PBXTargetDependency;
			target = 9570058119E3920C0094319A /* RedBalloons */;
			targetProxy = 9570059819E3920C0094319A /* PBXContainerItemProxy */;
		};
/* End PBXTargetDependency section */

/* Begin PBXVariantGroup section */
		9570058B19E3920C0094319A /* Main.storyboard */ = {
			isa = PBXVariantGroup;
			children = (
				9570058C19E3920C0094319A /* Base */,
			);
			name = Main.storyboard;
			sourceTree = "<group>";
		};
		9570059019E3920C0094319A /* LaunchScreen.xib */ = {
			isa = PBXVariantGroup;
			children = (
				9570059119E3920C0094319A /* Base */,
			);
			name = LaunchScreen.xib;
			sourceTree = "<group>";
		};
/* End PBXVariantGroup section */

/* Begin XCBuildConfiguration section */
		9570059F19E3920C0094319A /* Debug */ = {
			isa = XCBuildConfiguration;
			buildSettings = {
				ALWAYS_SEARCH_USER_PATHS = NO;
				CLANG_CXX_LANGUAGE_STANDARD = "gnu++0x";
				CLANG_CXX_LIBRARY = "libc++";
				CLANG_ENABLE_MODULES = YES;
				CLANG_ENABLE_OBJC_ARC = YES;
				CLANG_WARN_BOOL_CONVERSION = YES;
				CLANG_WARN_CONSTANT_CONVERSION = YES;
				CLANG_WARN_DIRECT_OBJC_ISA_USAGE = YES_ERROR;
				CLANG_WARN_EMPTY_BODY = YES;
				CLANG_WARN_ENUM_CONVERSION = YES;
				CLANG_WARN_INT_CONVERSION = YES;
				CLANG_WARN_OBJC_ROOT_CLASS = YES_ERROR;
				CLANG_WARN_UNREACHABLE_CODE = YES;
				CLANG_WARN__DUPLICATE_METHOD_MATCH = YES;
				"CODE_SIGN_IDENTITY[sdk=iphoneos*]" = "iPhone Developer";
				COPY_PHASE_STRIP = NO;
				ENABLE_STRICT_OBJC_MSGSEND = YES;
				GCC_C_LANGUAGE_STANDARD = gnu99;
				GCC_DYNAMIC_NO_PIC = NO;
				GCC_OPTIMIZATION_LEVEL = 0;
				GCC_PREPROCESSOR_DEFINITIONS = (
					"DEBUG=1",
					"$(inherited)",
				);
				GCC_SYMBOLS_PRIVATE_EXTERN = NO;
				GCC_WARN_64_TO_32_BIT_CONVERSION = YES;
				GCC_WARN_ABOUT_RETURN_TYPE = YES_ERROR;
				GCC_WARN_UNDECLARED_SELECTOR = YES;
				GCC_WARN_UNINITIALIZED_AUTOS = YES_AGGRESSIVE;
				GCC_WARN_UNUSED_FUNCTION = YES;
				GCC_WARN_UNUSED_VARIABLE = YES;
				IPHONEOS_DEPLOYMENT_TARGET = 8.0;
				MTL_ENABLE_DEBUG_INFO = YES;
				ONLY_ACTIVE_ARCH = YES;
				SDKROOT = iphoneos;
				SWIFT_OPTIMIZATION_LEVEL = "-Onone";
				TARGETED_DEVICE_FAMILY = "1,2";
			};
			name = Debug;
		};
		957005A019E3920C0094319A /* Release */ = {
			isa = XCBuildConfiguration;
			buildSettings = {
				ALWAYS_SEARCH_USER_PATHS = NO;
				CLANG_CXX_LANGUAGE_STANDARD = "gnu++0x";
				CLANG_CXX_LIBRARY = "libc++";
				CLANG_ENABLE_MODULES = YES;
				CLANG_ENABLE_OBJC_ARC = YES;
				CLANG_WARN_BOOL_CONVERSION = YES;
				CLANG_WARN_CONSTANT_CONVERSION = YES;
				CLANG_WARN_DIRECT_OBJC_ISA_USAGE = YES_ERROR;
				CLANG_WARN_EMPTY_BODY = YES;
				CLANG_WARN_ENUM_CONVERSION = YES;
				CLANG_WARN_INT_CONVERSION = YES;
				CLANG_WARN_OBJC_ROOT_CLASS = YES_ERROR;
				CLANG_WARN_UNREACHABLE_CODE = YES;
				CLANG_WARN__DUPLICATE_METHOD_MATCH = YES;
				"CODE_SIGN_IDENTITY[sdk=iphoneos*]" = "iPhone Developer";
				COPY_PHASE_STRIP = YES;
				ENABLE_NS_ASSERTIONS = NO;
				ENABLE_STRICT_OBJC_MSGSEND = YES;
				GCC_C_LANGUAGE_STANDARD = gnu99;
				GCC_WARN_64_TO_32_BIT_CONVERSION = YES;
				GCC_WARN_ABOUT_RETURN_TYPE = YES_ERROR;
				GCC_WARN_UNDECLARED_SELECTOR = YES;
				GCC_WARN_UNINITIALIZED_AUTOS = YES_AGGRESSIVE;
				GCC_WARN_UNUSED_FUNCTION = YES;
				GCC_WARN_UNUSED_VARIABLE = YES;
				IPHONEOS_DEPLOYMENT_TARGET = 8.0;
				MTL_ENABLE_DEBUG_INFO = NO;
				SDKROOT = iphoneos;
				TARGETED_DEVICE_FAMILY = "1,2";
				VALIDATE_PRODUCT = YES;
			};
			name = Release;
		};
		957005A219E3920C0094319A /* Debug */ = {
			isa = XCBuildConfiguration;
			buildSettings = {
				ASSETCATALOG_COMPILER_APPICON_NAME = AppIcon;
				INFOPLIST_FILE = RedBalloons/Info.plist;
				LD_RUNPATH_SEARCH_PATHS = "$(inherited) @executable_path/Frameworks";
				PRODUCT_NAME = "$(TARGET_NAME)";
			};
			name = Debug;
		};
		957005A319E3920C0094319A /* Release */ = {
			isa = XCBuildConfiguration;
			buildSettings = {
				ASSETCATALOG_COMPILER_APPICON_NAME = AppIcon;
				INFOPLIST_FILE = RedBalloons/Info.plist;
				LD_RUNPATH_SEARCH_PATHS = "$(inherited) @executable_path/Frameworks";
				PRODUCT_NAME = "$(TARGET_NAME)";
			};
			name = Release;
		};
		957005A519E3920C0094319A /* Debug */ = {
			isa = XCBuildConfiguration;
			buildSettings = {
				BUNDLE_LOADER = "$(TEST_HOST)";
				FRAMEWORK_SEARCH_PATHS = (
					"$(SDKROOT)/Developer/Library/Frameworks",
					"$(inherited)",
				);
				GCC_PREPROCESSOR_DEFINITIONS = (
					"DEBUG=1",
					"$(inherited)",
				);
				INFOPLIST_FILE = RedBalloonsTests/Info.plist;
				LD_RUNPATH_SEARCH_PATHS = "$(inherited) @executable_path/Frameworks @loader_path/Frameworks";
				PRODUCT_NAME = "$(TARGET_NAME)";
				TEST_HOST = "$(BUILT_PRODUCTS_DIR)/RedBalloons.app/RedBalloons";
			};
			name = Debug;
		};
		957005A619E3920C0094319A /* Release */ = {
			isa = XCBuildConfiguration;
			buildSettings = {
				BUNDLE_LOADER = "$(TEST_HOST)";
				FRAMEWORK_SEARCH_PATHS = (
					"$(SDKROOT)/Developer/Library/Frameworks",
					"$(inherited)",
				);
				INFOPLIST_FILE = RedBalloonsTests/Info.plist;
				LD_RUNPATH_SEARCH_PATHS = "$(inherited) @executable_path/Frameworks @loader_path/Frameworks";
				PRODUCT_NAME = "$(TARGET_NAME)";
				TEST_HOST = "$(BUILT_PRODUCTS_DIR)/RedBalloons.app/RedBalloons";
			};
			name = Release;
		};
/* End XCBuildConfiguration section */

/* Begin XCConfigurationList section */
		9570057D19E3920C0094319A /* Build configuration list for PBXProject "RedBalloons" */ = {
			isa = XCConfigurationList;
			buildConfigurations = (
				9570059F19E3920C0094319A /* Debug */,
				957005A019E3920C0094319A /* Release */,
			);
			defaultConfigurationIsVisible = 0;
			defaultConfigurationName = Release;
		};
		957005A119E3920C0094319A /* Build configuration list for PBXNativeTarget "RedBalloons" */ = {
			isa = XCConfigurationList;
			buildConfigurations = (
				957005A219E3920C0094319A /* Debug */,
				957005A319E3920C0094319A /* Release */,
			);
			defaultConfigurationIsVisible = 0;
		};
		957005A419E3920C0094319A /* Build configuration list for PBXNativeTarget "RedBalloonsTests" */ = {
			isa = XCConfigurationList;
			buildConfigurations = (
				957005A519E3920C0094319A /* Debug */,
				957005A619E3920C0094319A /* Release */,
			);
			defaultConfigurationIsVisible = 0;
		};
/* End XCConfigurationList section */
	};
	rootObject = 9570057A19E3920C0094319A /* Project object */;
}
